
Microsoft Visual Studio Solution File, Format Version 12.00
# Visual Studio Version 17
VisualStudioVersion = 17.9.34728.123
MinimumVisualStudioVersion = 10.0.40219.1
Project("{FAE04EC0-301F-11D3-BF4B-00C04F79EFBC}") = "OnlineResume", "OnlineResume\OnlineResume.csproj", "{2891BEDD-203D-4AC9-8951-204F7B09BD09}"
EndProject
Global
	GlobalSection(SolutionConfigurationPlatforms) = preSolution
		Debug|Any CPU = Debug|Any CPU
		Release|Any CPU = Release|Any CPU
	EndGlobalSection
	GlobalSection(ProjectConfigurationPlatforms) = postSolution
		{2891BEDD-203D-4AC9-8951-204F7B09BD09}.Debug|Any CPU.ActiveCfg = Debug|Any CPU
		{2891BEDD-203D-4AC9-8951-204F7B09BD09}.Debug|Any CPU.Build.0 = Debug|Any CPU
		{2891BEDD-203D-4AC9-8951-204F7B09BD09}.Release|Any CPU.ActiveCfg = Release|Any CPU
		{2891BEDD-203D-4AC9-8951-204F7B09BD09}.Release|Any CPU.Build.0 = Release|Any CPU
	EndGlobalSection
	GlobalSection(SolutionProperties) = preSolution
		HideSolutionNode = FALSE
	EndGlobalSection
	GlobalSection(ExtensibilityGlobals) = postSolution
		SolutionGuid = {42A1DCC3-6DC6-430E-B900-9B81EC52BD41}
	EndGlobalSection
EndGlobal
